// !$*UTF8*$!
{
	archiveVersion = 1;
	classes = {
	};
	objectVersion = 50;
	objects = {

/* Begin PBXBuildFile section */
		A2F3575C2461C495009E94B3 /* AppDelegate.swift in Sources */ = {isa = PBXBuildFile; fileRef = A2F3575B2461C495009E94B3 /* AppDelegate.swift */; };
		A2F3575E2461C495009E94B3 /* SceneDelegate.swift in Sources */ = {isa = PBXBuildFile; fileRef = A2F3575D2461C495009E94B3 /* SceneDelegate.swift */; };
		A2F357602461C495009E94B3 /* ContentView.swift in Sources */ = {isa = PBXBuildFile; fileRef = A2F3575F2461C495009E94B3 /* ContentView.swift */; };
		A2F357622461C49A009E94B3 /* Assets.xcassets in Resources */ = {isa = PBXBuildFile; fileRef = A2F357612461C49A009E94B3 /* Assets.xcassets */; };
		A2F357652461C49A009E94B3 /* Preview Assets.xcassets in Resources */ = {isa = PBXBuildFile; fileRef = A2F357642461C49A009E94B3 /* Preview Assets.xcassets */; };
		A2F357682461C49A009E94B3 /* LaunchScreen.storyboard in Resources */ = {isa = PBXBuildFile; fileRef = A2F357662461C49A009E94B3 /* LaunchScreen.storyboard */; };
		A2F357732461C49A009E94B3 /* StoryListViewModelTests.swift in Sources */ = {isa = PBXBuildFile; fileRef = A2F357722461C49A009E94B3 /* StoryListViewModelTests.swift */; };
		A2F3577E2461C49A009E94B3 /* StatusStoriesUITests.swift in Sources */ = {isa = PBXBuildFile; fileRef = A2F3577D2461C49A009E94B3 /* StatusStoriesUITests.swift */; };
		A2F3578C2461C5B9009E94B3 /* README.md in Resources */ = {isa = PBXBuildFile; fileRef = A2F3578B2461C5B9009E94B3 /* README.md */; };
		FB5F18C92465655F002757C2 /* StoryDetailViewModelTests.swift in Sources */ = {isa = PBXBuildFile; fileRef = FB5F18C82465655F002757C2 /* StoryDetailViewModelTests.swift */; };
		FB90AC95246FB343005A5C08 /* StoryListViewModel.swift in Sources */ = {isa = PBXBuildFile; fileRef = FB90AC94246FB343005A5C08 /* StoryListViewModel.swift */; };
		FB90AC98246FB371005A5C08 /* Post.swift in Sources */ = {isa = PBXBuildFile; fileRef = FB90AC97246FB371005A5C08 /* Post.swift */; };
		FB90AC9A246FB410005A5C08 /* StoryDetailViewModel.swift in Sources */ = {isa = PBXBuildFile; fileRef = FB90AC99246FB410005A5C08 /* StoryDetailViewModel.swift */; };
		FB90ACA1246FCEE6005A5C08 /* StoryViewModelTests.swift in Sources */ = {isa = PBXBuildFile; fileRef = FB90ACA0246FCEE6005A5C08 /* StoryViewModelTests.swift */; };
		FB90AC9F246FBB22005A5C08 /* StoryView.swift in Sources */ = {isa = PBXBuildFile; fileRef = FB90AC9E246FBB22005A5C08 /* StoryView.swift */; };
/* End PBXBuildFile section */

/* Begin PBXContainerItemProxy section */
		A2F3576F2461C49A009E94B3 /* PBXContainerItemProxy */ = {
			isa = PBXContainerItemProxy;
			containerPortal = A2F357502461C495009E94B3 /* Project object */;
			proxyType = 1;
			remoteGlobalIDString = A2F357572461C495009E94B3;
			remoteInfo = StatusStories;
		};
		A2F3577A2461C49A009E94B3 /* PBXContainerItemProxy */ = {
			isa = PBXContainerItemProxy;
			containerPortal = A2F357502461C495009E94B3 /* Project object */;
			proxyType = 1;
			remoteGlobalIDString = A2F357572461C495009E94B3;
			remoteInfo = StatusStories;
		};
/* End PBXContainerItemProxy section */

/* Begin PBXFileReference section */
		A2F357582461C495009E94B3 /* StatusStories.app */ = {isa = PBXFileReference; explicitFileType = wrapper.application; includeInIndex = 0; path = StatusStories.app; sourceTree = BUILT_PRODUCTS_DIR; };
		A2F3575B2461C495009E94B3 /* AppDelegate.swift */ = {isa = PBXFileReference; lastKnownFileType = sourcecode.swift; name = AppDelegate.swift; path = ../AppDelegate.swift; sourceTree = "<group>"; };
		A2F3575D2461C495009E94B3 /* SceneDelegate.swift */ = {isa = PBXFileReference; lastKnownFileType = sourcecode.swift; name = SceneDelegate.swift; path = ../SceneDelegate.swift; sourceTree = "<group>"; };
		A2F3575F2461C495009E94B3 /* ContentView.swift */ = {isa = PBXFileReference; lastKnownFileType = sourcecode.swift; path = ContentView.swift; sourceTree = "<group>"; };
		A2F357612461C49A009E94B3 /* Assets.xcassets */ = {isa = PBXFileReference; lastKnownFileType = folder.assetcatalog; path = Assets.xcassets; sourceTree = "<group>"; };
		A2F357642461C49A009E94B3 /* Preview Assets.xcassets */ = {isa = PBXFileReference; lastKnownFileType = folder.assetcatalog; path = "Preview Assets.xcassets"; sourceTree = "<group>"; };
		A2F357672461C49A009E94B3 /* Base */ = {isa = PBXFileReference; lastKnownFileType = file.storyboard; name = Base; path = Base.lproj/LaunchScreen.storyboard; sourceTree = "<group>"; };
		A2F357692461C49A009E94B3 /* Info.plist */ = {isa = PBXFileReference; lastKnownFileType = text.plist.xml; path = Info.plist; sourceTree = "<group>"; };
		A2F3576E2461C49A009E94B3 /* StatusStoriesTests.xctest */ = {isa = PBXFileReference; explicitFileType = wrapper.cfbundle; includeInIndex = 0; path = StatusStoriesTests.xctest; sourceTree = BUILT_PRODUCTS_DIR; };
		A2F357722461C49A009E94B3 /* StoryListViewModelTests.swift */ = {isa = PBXFileReference; lastKnownFileType = sourcecode.swift; path = StoryListViewModelTests.swift; sourceTree = "<group>"; };
		A2F357742461C49A009E94B3 /* Info.plist */ = {isa = PBXFileReference; lastKnownFileType = text.plist.xml; path = Info.plist; sourceTree = "<group>"; };
		A2F357792461C49A009E94B3 /* StatusStoriesUITests.xctest */ = {isa = PBXFileReference; explicitFileType = wrapper.cfbundle; includeInIndex = 0; path = StatusStoriesUITests.xctest; sourceTree = BUILT_PRODUCTS_DIR; };
		A2F3577D2461C49A009E94B3 /* StatusStoriesUITests.swift */ = {isa = PBXFileReference; lastKnownFileType = sourcecode.swift; path = StatusStoriesUITests.swift; sourceTree = "<group>"; };
		A2F3577F2461C49A009E94B3 /* Info.plist */ = {isa = PBXFileReference; lastKnownFileType = text.plist.xml; path = Info.plist; sourceTree = "<group>"; };
		A2F3578B2461C5B9009E94B3 /* README.md */ = {isa = PBXFileReference; fileEncoding = 4; lastKnownFileType = net.daringfireball.markdown; path = README.md; sourceTree = "<group>"; };
		FB5F18C82465655F002757C2 /* StoryDetailViewModelTests.swift */ = {isa = PBXFileReference; lastKnownFileType = sourcecode.swift; path = StoryDetailViewModelTests.swift; sourceTree = "<group>"; };
		FB90AC94246FB343005A5C08 /* StoryListViewModel.swift */ = {isa = PBXFileReference; lastKnownFileType = sourcecode.swift; path = StoryListViewModel.swift; sourceTree = "<group>"; };
		FB90AC97246FB371005A5C08 /* Post.swift */ = {isa = PBXFileReference; lastKnownFileType = sourcecode.swift; path = Post.swift; sourceTree = "<group>"; };
		FB90AC99246FB410005A5C08 /* StoryDetailViewModel.swift */ = {isa = PBXFileReference; lastKnownFileType = sourcecode.swift; path = StoryDetailViewModel.swift; sourceTree = "<group>"; };
		FB90ACA0246FCEE6005A5C08 /* StoryViewModelTests.swift */ = {isa = PBXFileReference; lastKnownFileType = sourcecode.swift; path = StoryViewModelTests.swift; sourceTree = "<group>"; };
		FB90AC9E246FBB22005A5C08 /* StoryView.swift */ = {isa = PBXFileReference; lastKnownFileType = sourcecode.swift; path = StoryView.swift; sourceTree = "<group>"; };
/* End PBXFileReference section */

/* Begin PBXFrameworksBuildPhase section */
		A2F357552461C495009E94B3 /* Frameworks */ = {
			isa = PBXFrameworksBuildPhase;
			buildActionMask = 2147483647;
			files = (
			);
			runOnlyForDeploymentPostprocessing = 0;
		};
		A2F3576B2461C49A009E94B3 /* Frameworks */ = {
			isa = PBXFrameworksBuildPhase;
			buildActionMask = 2147483647;
			files = (
			);
			runOnlyForDeploymentPostprocessing = 0;
		};
		A2F357762461C49A009E94B3 /* Frameworks */ = {
			isa = PBXFrameworksBuildPhase;
			buildActionMask = 2147483647;
			files = (
			);
			runOnlyForDeploymentPostprocessing = 0;
		};
/* End PBXFrameworksBuildPhase section */

/* Begin PBXGroup section */
		A2F3574F2461C495009E94B3 = {
			isa = PBXGroup;
			children = (
				A2F3578B2461C5B9009E94B3 /* README.md */,
				A2F3575A2461C495009E94B3 /* StatusStories */,
				A2F357712461C49A009E94B3 /* StatusStoriesTests */,
				A2F3577C2461C49A009E94B3 /* StatusStoriesUITests */,
				A2F357592461C495009E94B3 /* Products */,
			);
			sourceTree = "<group>";
		};
		A2F357592461C495009E94B3 /* Products */ = {
			isa = PBXGroup;
			children = (
				A2F357582461C495009E94B3 /* StatusStories.app */,
				A2F3576E2461C49A009E94B3 /* StatusStoriesTests.xctest */,
				A2F357792461C49A009E94B3 /* StatusStoriesUITests.xctest */,
			);
			name = Products;
			sourceTree = "<group>";
		};
		A2F3575A2461C495009E94B3 /* StatusStories */ = {
			isa = PBXGroup;
			children = (
				FB90AC91246FB2FC005A5C08 /* Application */,
				FB90AC96246FB358005A5C08 /* DataModels */,
				FB90AC92246FB30D005A5C08 /* Stories */,
				A2F3575F2461C495009E94B3 /* ContentView.swift */,
				A2F357612461C49A009E94B3 /* Assets.xcassets */,
				A2F357662461C49A009E94B3 /* LaunchScreen.storyboard */,
				A2F357692461C49A009E94B3 /* Info.plist */,
				A2F357632461C49A009E94B3 /* Preview Content */,
			);
			path = StatusStories;
			sourceTree = "<group>";
		};
		A2F357632461C49A009E94B3 /* Preview Content */ = {
			isa = PBXGroup;
			children = (
				A2F357642461C49A009E94B3 /* Preview Assets.xcassets */,
			);
			path = "Preview Content";
			sourceTree = "<group>";
		};
		A2F357712461C49A009E94B3 /* StatusStoriesTests */ = {
			isa = PBXGroup;
			children = (
				FB90AC9C246FB86E005A5C08 /* StoriesTestCases */,
				A2F357742461C49A009E94B3 /* Info.plist */,
			);
			path = StatusStoriesTests;
			sourceTree = "<group>";
		};
		A2F3577C2461C49A009E94B3 /* StatusStoriesUITests */ = {
			isa = PBXGroup;
			children = (
				A2F3577D2461C49A009E94B3 /* StatusStoriesUITests.swift */,
				A2F3577F2461C49A009E94B3 /* Info.plist */,
			);
			path = StatusStoriesUITests;
			sourceTree = "<group>";
		};
		FB90AC91246FB2FC005A5C08 /* Application */ = {
			isa = PBXGroup;
			children = (
				A2F3575B2461C495009E94B3 /* AppDelegate.swift */,
				A2F3575D2461C495009E94B3 /* SceneDelegate.swift */,
			);
			path = Application;
			sourceTree = "<group>";
		};
		FB90AC92246FB30D005A5C08 /* Stories */ = {
			isa = PBXGroup;
			children = (
				FB90AC9D246FBAE8005A5C08 /* Views */,
				FB90AC9B246FB442005A5C08 /* ViewModels */,
			);
			path = Stories;
			sourceTree = "<group>";
		};
		FB90AC96246FB358005A5C08 /* DataModels */ = {
			isa = PBXGroup;
			children = (
				FB90AC97246FB371005A5C08 /* Post.swift */,
			);
			path = DataModels;
			sourceTree = "<group>";
		};
		FB90AC9B246FB442005A5C08 /* ViewModels */ = {
			isa = PBXGroup;
			children = (
				FB90AC94246FB343005A5C08 /* StoryListViewModel.swift */,
				FB90AC99246FB410005A5C08 /* StoryDetailViewModel.swift */,
			);
			path = ViewModels;
			sourceTree = "<group>";
		};
		FB90AC9C246FB86E005A5C08 /* StoriesTestCases */ = {
			isa = PBXGroup;
			children = (
				A2F357722461C49A009E94B3 /* StoryListViewModelTests.swift */,
				FB5F18C82465655F002757C2 /* StoryDetailViewModelTests.swift */,
				FB90ACA0246FCEE6005A5C08 /* StoryViewModelTests.swift */,
			);
			path = StoriesTestCases;
			sourceTree = "<group>";
		};
		FB90AC9D246FBAE8005A5C08 /* Views */ = {
			isa = PBXGroup;
			children = (
				FB90AC9E246FBB22005A5C08 /* StoryView.swift */,
			);
			path = Views;
			sourceTree = "<group>";
		};
/* End PBXGroup section */

/* Begin PBXNativeTarget section */
		A2F357572461C495009E94B3 /* StatusStories */ = {
			isa = PBXNativeTarget;
			buildConfigurationList = A2F357822461C49A009E94B3 /* Build configuration list for PBXNativeTarget "StatusStories" */;
			buildPhases = (
				A2F357542461C495009E94B3 /* Sources */,
				A2F357552461C495009E94B3 /* Frameworks */,
				A2F357562461C495009E94B3 /* Resources */,
			);
			buildRules = (
			);
			dependencies = (
			);
			name = StatusStories;
			productName = StatusStories;
			productReference = A2F357582461C495009E94B3 /* StatusStories.app */;
			productType = "com.apple.product-type.application";
		};
		A2F3576D2461C49A009E94B3 /* StatusStoriesTests */ = {
			isa = PBXNativeTarget;
			buildConfigurationList = A2F357852461C49A009E94B3 /* Build configuration list for PBXNativeTarget "StatusStoriesTests" */;
			buildPhases = (
				A2F3576A2461C49A009E94B3 /* Sources */,
				A2F3576B2461C49A009E94B3 /* Frameworks */,
				A2F3576C2461C49A009E94B3 /* Resources */,
			);
			buildRules = (
			);
			dependencies = (
				A2F357702461C49A009E94B3 /* PBXTargetDependency */,
			);
			name = StatusStoriesTests;
			productName = StatusStoriesTests;
			productReference = A2F3576E2461C49A009E94B3 /* StatusStoriesTests.xctest */;
			productType = "com.apple.product-type.bundle.unit-test";
		};
		A2F357782461C49A009E94B3 /* StatusStoriesUITests */ = {
			isa = PBXNativeTarget;
			buildConfigurationList = A2F357882461C49A009E94B3 /* Build configuration list for PBXNativeTarget "StatusStoriesUITests" */;
			buildPhases = (
				A2F357752461C49A009E94B3 /* Sources */,
				A2F357762461C49A009E94B3 /* Frameworks */,
				A2F357772461C49A009E94B3 /* Resources */,
			);
			buildRules = (
			);
			dependencies = (
				A2F3577B2461C49A009E94B3 /* PBXTargetDependency */,
			);
			name = StatusStoriesUITests;
			productName = StatusStoriesUITests;
			productReference = A2F357792461C49A009E94B3 /* StatusStoriesUITests.xctest */;
			productType = "com.apple.product-type.bundle.ui-testing";
		};
/* End PBXNativeTarget section */

/* Begin PBXProject section */
		A2F357502461C495009E94B3 /* Project object */ = {
			isa = PBXProject;
			attributes = {
				LastSwiftUpdateCheck = 1140;
				LastUpgradeCheck = 1140;
				ORGANIZATIONNAME = "Status Stories";
				TargetAttributes = {
					A2F357572461C495009E94B3 = {
						CreatedOnToolsVersion = 11.4.1;
					};
					A2F3576D2461C49A009E94B3 = {
						CreatedOnToolsVersion = 11.4.1;
						TestTargetID = A2F357572461C495009E94B3;
					};
					A2F357782461C49A009E94B3 = {
						CreatedOnToolsVersion = 11.4.1;
						TestTargetID = A2F357572461C495009E94B3;
					};
				};
			};
			buildConfigurationList = A2F357532461C495009E94B3 /* Build configuration list for PBXProject "StatusStories" */;
			compatibilityVersion = "Xcode 9.3";
			developmentRegion = en;
			hasScannedForEncodings = 0;
			knownRegions = (
				en,
				Base,
			);
			mainGroup = A2F3574F2461C495009E94B3;
			productRefGroup = A2F357592461C495009E94B3 /* Products */;
			projectDirPath = "";
			projectRoot = "";
			targets = (
				A2F357572461C495009E94B3 /* StatusStories */,
				A2F3576D2461C49A009E94B3 /* StatusStoriesTests */,
				A2F357782461C49A009E94B3 /* StatusStoriesUITests */,
			);
		};
/* End PBXProject section */

/* Begin PBXResourcesBuildPhase section */
		A2F357562461C495009E94B3 /* Resources */ = {
			isa = PBXResourcesBuildPhase;
			buildActionMask = 2147483647;
			files = (
				A2F357682461C49A009E94B3 /* LaunchScreen.storyboard in Resources */,
				A2F357652461C49A009E94B3 /* Preview Assets.xcassets in Resources */,
				A2F3578C2461C5B9009E94B3 /* README.md in Resources */,
				A2F357622461C49A009E94B3 /* Assets.xcassets in Resources */,
			);
			runOnlyForDeploymentPostprocessing = 0;
		};
		A2F3576C2461C49A009E94B3 /* Resources */ = {
			isa = PBXResourcesBuildPhase;
			buildActionMask = 2147483647;
			files = (
			);
			runOnlyForDeploymentPostprocessing = 0;
		};
		A2F357772461C49A009E94B3 /* Resources */ = {
			isa = PBXResourcesBuildPhase;
			buildActionMask = 2147483647;
			files = (
			);
			runOnlyForDeploymentPostprocessing = 0;
		};
/* End PBXResourcesBuildPhase section */

/* Begin PBXSourcesBuildPhase section */
		A2F357542461C495009E94B3 /* Sources */ = {
			isa = PBXSourcesBuildPhase;
			buildActionMask = 2147483647;
			files = (
				FB90AC95246FB343005A5C08 /* StoryListViewModel.swift in Sources */,
				FB90AC9A246FB410005A5C08 /* StoryDetailViewModel.swift in Sources */,
				A2F3575C2461C495009E94B3 /* AppDelegate.swift in Sources */,
				A2F3575E2461C495009E94B3 /* SceneDelegate.swift in Sources */,
				FB90AC9F246FBB22005A5C08 /* StoryView.swift in Sources */,
				A2F357602461C495009E94B3 /* ContentView.swift in Sources */,
				FB90AC98246FB371005A5C08 /* Post.swift in Sources */,
			);
			runOnlyForDeploymentPostprocessing = 0;
		};
		A2F3576A2461C49A009E94B3 /* Sources */ = {
			isa = PBXSourcesBuildPhase;
			buildActionMask = 2147483647;
			files = (
				FB90ACA1246FCEE6005A5C08 /* StoryViewModelTests.swift in Sources */,
				FB5F18C92465655F002757C2 /* StoryDetailViewModelTests.swift in Sources */,
				A2F357732461C49A009E94B3 /* StoryListViewModelTests.swift in Sources */,
			);
			runOnlyForDeploymentPostprocessing = 0;
		};
		A2F357752461C49A009E94B3 /* Sources */ = {
			isa = PBXSourcesBuildPhase;
			buildActionMask = 2147483647;
			files = (
				A2F3577E2461C49A009E94B3 /* StatusStoriesUITests.swift in Sources */,
			);
			runOnlyForDeploymentPostprocessing = 0;
		};
/* End PBXSourcesBuildPhase section */

/* Begin PBXTargetDependency section */
		A2F357702461C49A009E94B3 /* PBXTargetDependency */ = {
			isa = PBXTargetDependency;
			target = A2F357572461C495009E94B3 /* StatusStories */;
			targetProxy = A2F3576F2461C49A009E94B3 /* PBXContainerItemProxy */;
		};
		A2F3577B2461C49A009E94B3 /* PBXTargetDependency */ = {
			isa = PBXTargetDependency;
			target = A2F357572461C495009E94B3 /* StatusStories */;
			targetProxy = A2F3577A2461C49A009E94B3 /* PBXContainerItemProxy */;
		};
/* End PBXTargetDependency section */

/* Begin PBXVariantGroup section */
		A2F357662461C49A009E94B3 /* LaunchScreen.storyboard */ = {
			isa = PBXVariantGroup;
			children = (
				A2F357672461C49A009E94B3 /* Base */,
			);
			name = LaunchScreen.storyboard;
			sourceTree = "<group>";
		};
/* End PBXVariantGroup section */

/* Begin XCBuildConfiguration section */
		A2F357802461C49A009E94B3 /* Debug */ = {
			isa = XCBuildConfiguration;
			buildSettings = {
				ALWAYS_SEARCH_USER_PATHS = NO;
				CLANG_ANALYZER_NONNULL = YES;
				CLANG_ANALYZER_NUMBER_OBJECT_CONVERSION = YES_AGGRESSIVE;
				CLANG_CXX_LANGUAGE_STANDARD = "gnu++14";
				CLANG_CXX_LIBRARY = "libc++";
				CLANG_ENABLE_MODULES = YES;
				CLANG_ENABLE_OBJC_ARC = YES;
				CLANG_ENABLE_OBJC_WEAK = YES;
				CLANG_WARN_BLOCK_CAPTURE_AUTORELEASING = YES;
				CLANG_WARN_BOOL_CONVERSION = YES;
				CLANG_WARN_COMMA = YES;
				CLANG_WARN_CONSTANT_CONVERSION = YES;
				CLANG_WARN_DEPRECATED_OBJC_IMPLEMENTATIONS = YES;
				CLANG_WARN_DIRECT_OBJC_ISA_USAGE = YES_ERROR;
				CLANG_WARN_DOCUMENTATION_COMMENTS = YES;
				CLANG_WARN_EMPTY_BODY = YES;
				CLANG_WARN_ENUM_CONVERSION = YES;
				CLANG_WARN_INFINITE_RECURSION = YES;
				CLANG_WARN_INT_CONVERSION = YES;
				CLANG_WARN_NON_LITERAL_NULL_CONVERSION = YES;
				CLANG_WARN_OBJC_IMPLICIT_RETAIN_SELF = YES;
				CLANG_WARN_OBJC_LITERAL_CONVERSION = YES;
				CLANG_WARN_OBJC_ROOT_CLASS = YES_ERROR;
				CLANG_WARN_RANGE_LOOP_ANALYSIS = YES;
				CLANG_WARN_STRICT_PROTOTYPES = YES;
				CLANG_WARN_SUSPICIOUS_MOVE = YES;
				CLANG_WARN_UNGUARDED_AVAILABILITY = YES_AGGRESSIVE;
				CLANG_WARN_UNREACHABLE_CODE = YES;
				CLANG_WARN__DUPLICATE_METHOD_MATCH = YES;
				COPY_PHASE_STRIP = NO;
				DEBUG_INFORMATION_FORMAT = dwarf;
				ENABLE_STRICT_OBJC_MSGSEND = YES;
				ENABLE_TESTABILITY = YES;
				GCC_C_LANGUAGE_STANDARD = gnu11;
				GCC_DYNAMIC_NO_PIC = NO;
				GCC_NO_COMMON_BLOCKS = YES;
				GCC_OPTIMIZATION_LEVEL = 0;
				GCC_PREPROCESSOR_DEFINITIONS = (
					"DEBUG=1",
					"$(inherited)",
				);
				GCC_WARN_64_TO_32_BIT_CONVERSION = YES;
				GCC_WARN_ABOUT_RETURN_TYPE = YES_ERROR;
				GCC_WARN_UNDECLARED_SELECTOR = YES;
				GCC_WARN_UNINITIALIZED_AUTOS = YES_AGGRESSIVE;
				GCC_WARN_UNUSED_FUNCTION = YES;
				GCC_WARN_UNUSED_VARIABLE = YES;
				IPHONEOS_DEPLOYMENT_TARGET = 13.4;
				MTL_ENABLE_DEBUG_INFO = INCLUDE_SOURCE;
				MTL_FAST_MATH = YES;
				ONLY_ACTIVE_ARCH = YES;
				SDKROOT = iphoneos;
				SWIFT_ACTIVE_COMPILATION_CONDITIONS = DEBUG;
				SWIFT_OPTIMIZATION_LEVEL = "-Onone";
			};
			name = Debug;
		};
		A2F357812461C49A009E94B3 /* Release */ = {
			isa = XCBuildConfiguration;
			buildSettings = {
				ALWAYS_SEARCH_USER_PATHS = NO;
				CLANG_ANALYZER_NONNULL = YES;
				CLANG_ANALYZER_NUMBER_OBJECT_CONVERSION = YES_AGGRESSIVE;
				CLANG_CXX_LANGUAGE_STANDARD = "gnu++14";
				CLANG_CXX_LIBRARY = "libc++";
				CLANG_ENABLE_MODULES = YES;
				CLANG_ENABLE_OBJC_ARC = YES;
				CLANG_ENABLE_OBJC_WEAK = YES;
				CLANG_WARN_BLOCK_CAPTURE_AUTORELEASING = YES;
				CLANG_WARN_BOOL_CONVERSION = YES;
				CLANG_WARN_COMMA = YES;
				CLANG_WARN_CONSTANT_CONVERSION = YES;
				CLANG_WARN_DEPRECATED_OBJC_IMPLEMENTATIONS = YES;
				CLANG_WARN_DIRECT_OBJC_ISA_USAGE = YES_ERROR;
				CLANG_WARN_DOCUMENTATION_COMMENTS = YES;
				CLANG_WARN_EMPTY_BODY = YES;
				CLANG_WARN_ENUM_CONVERSION = YES;
				CLANG_WARN_INFINITE_RECURSION = YES;
				CLANG_WARN_INT_CONVERSION = YES;
				CLANG_WARN_NON_LITERAL_NULL_CONVERSION = YES;
				CLANG_WARN_OBJC_IMPLICIT_RETAIN_SELF = YES;
				CLANG_WARN_OBJC_LITERAL_CONVERSION = YES;
				CLANG_WARN_OBJC_ROOT_CLASS = YES_ERROR;
				CLANG_WARN_RANGE_LOOP_ANALYSIS = YES;
				CLANG_WARN_STRICT_PROTOTYPES = YES;
				CLANG_WARN_SUSPICIOUS_MOVE = YES;
				CLANG_WARN_UNGUARDED_AVAILABILITY = YES_AGGRESSIVE;
				CLANG_WARN_UNREACHABLE_CODE = YES;
				CLANG_WARN__DUPLICATE_METHOD_MATCH = YES;
				COPY_PHASE_STRIP = NO;
				DEBUG_INFORMATION_FORMAT = "dwarf-with-dsym";
				ENABLE_NS_ASSERTIONS = NO;
				ENABLE_STRICT_OBJC_MSGSEND = YES;
				GCC_C_LANGUAGE_STANDARD = gnu11;
				GCC_NO_COMMON_BLOCKS = YES;
				GCC_WARN_64_TO_32_BIT_CONVERSION = YES;
				GCC_WARN_ABOUT_RETURN_TYPE = YES_ERROR;
				GCC_WARN_UNDECLARED_SELECTOR = YES;
				GCC_WARN_UNINITIALIZED_AUTOS = YES_AGGRESSIVE;
				GCC_WARN_UNUSED_FUNCTION = YES;
				GCC_WARN_UNUSED_VARIABLE = YES;
				IPHONEOS_DEPLOYMENT_TARGET = 13.4;
				MTL_ENABLE_DEBUG_INFO = NO;
				MTL_FAST_MATH = YES;
				SDKROOT = iphoneos;
				SWIFT_COMPILATION_MODE = wholemodule;
				SWIFT_OPTIMIZATION_LEVEL = "-O";
				VALIDATE_PRODUCT = YES;
			};
			name = Release;
		};
		A2F357832461C49A009E94B3 /* Debug */ = {
			isa = XCBuildConfiguration;
			buildSettings = {
				ASSETCATALOG_COMPILER_APPICON_NAME = AppIcon;
				CODE_SIGN_STYLE = Automatic;
				DEVELOPMENT_ASSET_PATHS = "\"StatusStories/Preview Content\"";
				ENABLE_PREVIEWS = YES;
				INFOPLIST_FILE = StatusStories/Info.plist;
				LD_RUNPATH_SEARCH_PATHS = (
					"$(inherited)",
					"@executable_path/Frameworks",
				);
				PRODUCT_BUNDLE_IDENTIFIER = com.statusstories.StatusStories;
				PRODUCT_NAME = "$(TARGET_NAME)";
				SWIFT_VERSION = 5.0;
				TARGETED_DEVICE_FAMILY = "1,2";
			};
			name = Debug;
		};
		A2F357842461C49A009E94B3 /* Release */ = {
			isa = XCBuildConfiguration;
			buildSettings = {
				ASSETCATALOG_COMPILER_APPICON_NAME = AppIcon;
				CODE_SIGN_STYLE = Automatic;
				DEVELOPMENT_ASSET_PATHS = "\"StatusStories/Preview Content\"";
				ENABLE_PREVIEWS = YES;
				INFOPLIST_FILE = StatusStories/Info.plist;
				LD_RUNPATH_SEARCH_PATHS = (
					"$(inherited)",
					"@executable_path/Frameworks",
				);
				PRODUCT_BUNDLE_IDENTIFIER = com.statusstories.StatusStories;
				PRODUCT_NAME = "$(TARGET_NAME)";
				SWIFT_VERSION = 5.0;
				TARGETED_DEVICE_FAMILY = "1,2";
			};
			name = Release;
		};
		A2F357862461C49A009E94B3 /* Debug */ = {
			isa = XCBuildConfiguration;
			buildSettings = {
				ALWAYS_EMBED_SWIFT_STANDARD_LIBRARIES = YES;
				BUNDLE_LOADER = "$(TEST_HOST)";
				CODE_SIGN_STYLE = Automatic;
				INFOPLIST_FILE = StatusStoriesTests/Info.plist;
				IPHONEOS_DEPLOYMENT_TARGET = 13.4;
				LD_RUNPATH_SEARCH_PATHS = (
					"$(inherited)",
					"@executable_path/Frameworks",
					"@loader_path/Frameworks",
				);
				PRODUCT_BUNDLE_IDENTIFIER = com.statusstories.StatusStoriesTests;
				PRODUCT_NAME = "$(TARGET_NAME)";
				SWIFT_VERSION = 5.0;
				TARGETED_DEVICE_FAMILY = "1,2";
				TEST_HOST = "$(BUILT_PRODUCTS_DIR)/StatusStories.app/StatusStories";
			};
			name = Debug;
		};
		A2F357872461C49A009E94B3 /* Release */ = {
			isa = XCBuildConfiguration;
			buildSettings = {
				ALWAYS_EMBED_SWIFT_STANDARD_LIBRARIES = YES;
				BUNDLE_LOADER = "$(TEST_HOST)";
				CODE_SIGN_STYLE = Automatic;
				INFOPLIST_FILE = StatusStoriesTests/Info.plist;
				IPHONEOS_DEPLOYMENT_TARGET = 13.4;
				LD_RUNPATH_SEARCH_PATHS = (
					"$(inherited)",
					"@executable_path/Frameworks",
					"@loader_path/Frameworks",
				);
				PRODUCT_BUNDLE_IDENTIFIER = com.statusstories.StatusStoriesTests;
				PRODUCT_NAME = "$(TARGET_NAME)";
				SWIFT_VERSION = 5.0;
				TARGETED_DEVICE_FAMILY = "1,2";
				TEST_HOST = "$(BUILT_PRODUCTS_DIR)/StatusStories.app/StatusStories";
			};
			name = Release;
		};
		A2F357892461C49A009E94B3 /* Debug */ = {
			isa = XCBuildConfiguration;
			buildSettings = {
				ALWAYS_EMBED_SWIFT_STANDARD_LIBRARIES = YES;
				CODE_SIGN_STYLE = Automatic;
				INFOPLIST_FILE = StatusStoriesUITests/Info.plist;
				LD_RUNPATH_SEARCH_PATHS = (
					"$(inherited)",
					"@executable_path/Frameworks",
					"@loader_path/Frameworks",
				);
				PRODUCT_BUNDLE_IDENTIFIER = com.statusstories.StatusStoriesUITests;
				PRODUCT_NAME = "$(TARGET_NAME)";
				SWIFT_VERSION = 5.0;
				TARGETED_DEVICE_FAMILY = "1,2";
				TEST_TARGET_NAME = StatusStories;
			};
			name = Debug;
		};
		A2F3578A2461C49A009E94B3 /* Release */ = {
			isa = XCBuildConfiguration;
			buildSettings = {
				ALWAYS_EMBED_SWIFT_STANDARD_LIBRARIES = YES;
				CODE_SIGN_STYLE = Automatic;
				INFOPLIST_FILE = StatusStoriesUITests/Info.plist;
				LD_RUNPATH_SEARCH_PATHS = (
					"$(inherited)",
					"@executable_path/Frameworks",
					"@loader_path/Frameworks",
				);
				PRODUCT_BUNDLE_IDENTIFIER = com.statusstories.StatusStoriesUITests;
				PRODUCT_NAME = "$(TARGET_NAME)";
				SWIFT_VERSION = 5.0;
				TARGETED_DEVICE_FAMILY = "1,2";
				TEST_TARGET_NAME = StatusStories;
			};
			name = Release;
		};
/* End XCBuildConfiguration section */

/* Begin XCConfigurationList section */
		A2F357532461C495009E94B3 /* Build configuration list for PBXProject "StatusStories" */ = {
			isa = XCConfigurationList;
			buildConfigurations = (
				A2F357802461C49A009E94B3 /* Debug */,
				A2F357812461C49A009E94B3 /* Release */,
			);
			defaultConfigurationIsVisible = 0;
			defaultConfigurationName = Release;
		};
		A2F357822461C49A009E94B3 /* Build configuration list for PBXNativeTarget "StatusStories" */ = {
			isa = XCConfigurationList;
			buildConfigurations = (
				A2F357832461C49A009E94B3 /* Debug */,
				A2F357842461C49A009E94B3 /* Release */,
			);
			defaultConfigurationIsVisible = 0;
			defaultConfigurationName = Release;
		};
		A2F357852461C49A009E94B3 /* Build configuration list for PBXNativeTarget "StatusStoriesTests" */ = {
			isa = XCConfigurationList;
			buildConfigurations = (
				A2F357862461C49A009E94B3 /* Debug */,
				A2F357872461C49A009E94B3 /* Release */,
			);
			defaultConfigurationIsVisible = 0;
			defaultConfigurationName = Release;
		};
		A2F357882461C49A009E94B3 /* Build configuration list for PBXNativeTarget "StatusStoriesUITests" */ = {
			isa = XCConfigurationList;
			buildConfigurations = (
				A2F357892461C49A009E94B3 /* Debug */,
				A2F3578A2461C49A009E94B3 /* Release */,
			);
			defaultConfigurationIsVisible = 0;
			defaultConfigurationName = Release;
		};
/* End XCConfigurationList section */
	};
	rootObject = A2F357502461C495009E94B3 /* Project object */;
}
